<?xml version="1.0" encoding="UTF-8"?>
<!DOCTYPE plist PUBLIC "-//Apple//DTD PLIST 1.0//EN" "http://www.apple.com/DTDs/PropertyList-1.0.dtd">
<plist version="1.0">
<dict>
	<key>archiveVersion</key>
	<string>1</string>
	<key>classes</key>
	<dict/>
	<key>objectVersion</key>
	<string>46</string>
	<key>objects</key>
	<dict>
		<key>41B5BAD970FC4EC5A1030F04</key>
		<dict>
			<key>includeInIndex</key>
			<string>1</string>
			<key>isa</key>
			<string>PBXFileReference</string>
			<key>lastKnownFileType</key>
			<string>text.xcconfig</string>
			<key>name</key>
			<string>Pods.xcconfig</string>
			<key>path</key>
			<string>Pods/Pods.xcconfig</string>
			<key>sourceTree</key>
			<string>SOURCE_ROOT</string>
		</dict>
		<key>50D9DF2E15E8F8A0008B6D90</key>
		<dict>
			<key>children</key>
			<array>
				<string>50D9DF4315E8F8A0008B6D90</string>
				<string>50D9DF3C15E8F8A0008B6D90</string>
				<string>50D9DF3A15E8F8A0008B6D90</string>
				<string>41B5BAD970FC4EC5A1030F04</string>
			</array>
			<key>isa</key>
			<string>PBXGroup</string>
			<key>sourceTree</key>
			<string>&lt;group&gt;</string>
		</dict>
		<key>50D9DF3015E8F8A0008B6D90</key>
		<dict>
			<key>attributes</key>
			<dict>
				<key>CLASSPREFIX</key>
				<string>AG</string>
				<key>LastUpgradeCheck</key>
				<string>0440</string>
				<key>ORGANIZATIONNAME</key>
				<string>Open Source Community</string>
			</dict>
			<key>buildConfigurationList</key>
			<string>50D9DF3315E8F8A0008B6D90</string>
			<key>compatibilityVersion</key>
			<string>Xcode 3.2</string>
			<key>developmentRegion</key>
			<string>English</string>
			<key>hasScannedForEncodings</key>
			<string>0</string>
			<key>isa</key>
			<string>PBXProject</string>
			<key>knownRegions</key>
			<array>
				<string>en</string>
			</array>
			<key>mainGroup</key>
			<string>50D9DF2E15E8F8A0008B6D90</string>
			<key>productRefGroup</key>
			<string>50D9DF3A15E8F8A0008B6D90</string>
			<key>projectDirPath</key>
			<string></string>
			<key>projectRoot</key>
			<string></string>
			<key>targets</key>
			<array>
				<string>50D9DF3815E8F8A0008B6D90</string>
			</array>
		</dict>
		<key>50D9DF3315E8F8A0008B6D90</key>
		<dict>
			<key>buildConfigurations</key>
			<array>
				<string>50D9DF5515E8F8A1008B6D90</string>
				<string>50D9DF5615E8F8A1008B6D90</string>
			</array>
			<key>defaultConfigurationIsVisible</key>
			<string>0</string>
			<key>defaultConfigurationName</key>
			<string>Release</string>
			<key>isa</key>
			<string>XCConfigurationList</string>
		</dict>
		<key>50D9DF3515E8F8A0008B6D90</key>
		<dict>
			<key>buildActionMask</key>
			<string>2147483647</string>
			<key>files</key>
			<array>
				<string>50D9DF4A15E8F8A0008B6D90</string>
				<string>50D9DF5115E8F8A0008B6D90</string>
			</array>
			<key>isa</key>
			<string>PBXSourcesBuildPhase</string>
			<key>runOnlyForDeploymentPostprocessing</key>
			<string>0</string>
		</dict>
		<key>50D9DF3615E8F8A0008B6D90</key>
		<dict>
			<key>buildActionMask</key>
			<string>2147483647</string>
			<key>files</key>
			<array>
				<string>50D9DF3E15E8F8A0008B6D90</string>
				<string>9EDFA385AEC14BF5AFC2B934</string>
			</array>
			<key>isa</key>
			<string>PBXFrameworksBuildPhase</string>
			<key>runOnlyForDeploymentPostprocessing</key>
			<string>0</string>
		</dict>
		<key>50D9DF3715E8F8A0008B6D90</key>
		<dict>
			<key>buildActionMask</key>
			<string>2147483647</string>
			<key>files</key>
			<array>
				<string>50D9DF4815E8F8A0008B6D90</string>
				<string>50D9DF4E15E8F8A0008B6D90</string>
				<string>50D9DF5415E8F8A1008B6D90</string>
			</array>
			<key>isa</key>
			<string>PBXResourcesBuildPhase</string>
			<key>runOnlyForDeploymentPostprocessing</key>
			<string>0</string>
		</dict>
		<key>50D9DF3815E8F8A0008B6D90</key>
		<dict>
			<key>buildConfigurationList</key>
			<string>50D9DF5715E8F8A1008B6D90</string>
			<key>buildPhases</key>
			<array>
				<string>50D9DF3515E8F8A0008B6D90</string>
				<string>50D9DF3615E8F8A0008B6D90</string>
				<string>50D9DF3715E8F8A0008B6D90</string>
				<string>E1CA21421220489A91F25BA9</string>
			</array>
			<key>buildRules</key>
			<array/>
			<key>dependencies</key>
			<array/>
			<key>isa</key>
			<string>PBXNativeTarget</string>
			<key>name</key>
			<string>AmazonGlacier</string>
			<key>productName</key>
			<string>AmazonGlacier</string>
			<key>productReference</key>
			<string>50D9DF3915E8F8A0008B6D90</string>
			<key>productType</key>
			<string>com.apple.product-type.application</string>
		</dict>
		<key>50D9DF3915E8F8A0008B6D90</key>
		<dict>
			<key>explicitFileType</key>
			<string>wrapper.application</string>
			<key>includeInIndex</key>
			<string>0</string>
			<key>isa</key>
			<string>PBXFileReference</string>
			<key>name</key>
			<string>AmazonGlacier.app</string>
			<key>path</key>
			<string>AmazonGlacier.app</string>
			<key>sourceTree</key>
			<string>BUILT_PRODUCTS_DIR</string>
		</dict>
		<key>50D9DF3A15E8F8A0008B6D90</key>
		<dict>
			<key>children</key>
			<array>
				<string>50D9DF3915E8F8A0008B6D90</string>
			</array>
			<key>isa</key>
			<string>PBXGroup</string>
			<key>name</key>
			<string>Products</string>
			<key>sourceTree</key>
			<string>&lt;group&gt;</string>
		</dict>
		<key>50D9DF3C15E8F8A0008B6D90</key>
		<dict>
			<key>children</key>
			<array>
				<string>50D9DF3D15E8F8A0008B6D90</string>
				<string>50D9DF3F15E8F8A0008B6D90</string>
				<string>E591293B34984E38AC4BC145</string>
			</array>
			<key>isa</key>
			<string>PBXGroup</string>
			<key>name</key>
			<string>Frameworks</string>
			<key>sourceTree</key>
			<string>&lt;group&gt;</string>
		</dict>
		<key>50D9DF3D15E8F8A0008B6D90</key>
		<dict>
			<key>includeInIndex</key>
			<string>1</string>
			<key>isa</key>
			<string>PBXFileReference</string>
			<key>lastKnownFileType</key>
			<string>wrapper.framework</string>
			<key>name</key>
			<string>Cocoa.framework</string>
			<key>path</key>
			<string>System/Library/Frameworks/Cocoa.framework</string>
			<key>sourceTree</key>
			<string>SDKROOT</string>
		</dict>
		<key>50D9DF3E15E8F8A0008B6D90</key>
		<dict>
			<key>fileRef</key>
			<string>50D9DF3D15E8F8A0008B6D90</string>
			<key>isa</key>
			<string>PBXBuildFile</string>
		</dict>
		<key>50D9DF3F15E8F8A0008B6D90</key>
		<dict>
			<key>children</key>
			<array>
				<string>50D9DF4015E8F8A0008B6D90</string>
				<string>50D9DF4115E8F8A0008B6D90</string>
				<string>50D9DF4215E8F8A0008B6D90</string>
			</array>
			<key>isa</key>
			<string>PBXGroup</string>
			<key>name</key>
			<string>Other Frameworks</string>
			<key>sourceTree</key>
			<string>&lt;group&gt;</string>
		</dict>
		<key>50D9DF4015E8F8A0008B6D90</key>
		<dict>
			<key>isa</key>
			<string>PBXFileReference</string>
			<key>lastKnownFileType</key>
			<string>wrapper.framework</string>
			<key>name</key>
			<string>AppKit.framework</string>
			<key>path</key>
			<string>System/Library/Frameworks/AppKit.framework</string>
			<key>sourceTree</key>
			<string>SDKROOT</string>
		</dict>
		<key>50D9DF4115E8F8A0008B6D90</key>
		<dict>
			<key>isa</key>
			<string>PBXFileReference</string>
			<key>lastKnownFileType</key>
			<string>wrapper.framework</string>
			<key>name</key>
			<string>CoreData.framework</string>
			<key>path</key>
			<string>System/Library/Frameworks/CoreData.framework</string>
			<key>sourceTree</key>
			<string>SDKROOT</string>
		</dict>
		<key>50D9DF4215E8F8A0008B6D90</key>
		<dict>
			<key>isa</key>
			<string>PBXFileReference</string>
			<key>lastKnownFileType</key>
			<string>wrapper.framework</string>
			<key>name</key>
			<string>Foundation.framework</string>
			<key>path</key>
			<string>System/Library/Frameworks/Foundation.framework</string>
			<key>sourceTree</key>
			<string>SDKROOT</string>
		</dict>
		<key>50D9DF4315E8F8A0008B6D90</key>
		<dict>
			<key>children</key>
			<array>
				<string>50D9DF4F15E8F8A0008B6D90</string>
				<string>50D9DF5015E8F8A0008B6D90</string>
				<string>50D9DF5215E8F8A1008B6D90</string>
				<string>50D9DF4415E8F8A0008B6D90</string>
			</array>
			<key>isa</key>
			<string>PBXGroup</string>
			<key>path</key>
			<string>AmazonGlacier</string>
			<key>sourceTree</key>
			<string>&lt;group&gt;</string>
		</dict>
		<key>50D9DF4415E8F8A0008B6D90</key>
		<dict>
			<key>children</key>
			<array>
				<string>50D9DF4515E8F8A0008B6D90</string>
				<string>50D9DF4615E8F8A0008B6D90</string>
				<string>50D9DF4915E8F8A0008B6D90</string>
				<string>50D9DF4B15E8F8A0008B6D90</string>
				<string>50D9DF4C15E8F8A0008B6D90</string>
			</array>
			<key>isa</key>
			<string>PBXGroup</string>
			<key>name</key>
			<string>Supporting Files</string>
			<key>sourceTree</key>
			<string>&lt;group&gt;</string>
		</dict>
		<key>50D9DF4515E8F8A0008B6D90</key>
		<dict>
			<key>isa</key>
			<string>PBXFileReference</string>
			<key>lastKnownFileType</key>
			<string>text.plist.xml</string>
			<key>path</key>
			<string>AmazonGlacier-Info.plist</string>
			<key>sourceTree</key>
			<string>&lt;group&gt;</string>
		</dict>
		<key>50D9DF4615E8F8A0008B6D90</key>
		<dict>
			<key>children</key>
			<array>
				<string>50D9DF4715E8F8A0008B6D90</string>
			</array>
			<key>isa</key>
			<string>PBXVariantGroup</string>
			<key>name</key>
			<string>InfoPlist.strings</string>
			<key>sourceTree</key>
			<string>&lt;group&gt;</string>
		</dict>
		<key>50D9DF4715E8F8A0008B6D90</key>
		<dict>
			<key>isa</key>
			<string>PBXFileReference</string>
			<key>lastKnownFileType</key>
			<string>text.plist.strings</string>
			<key>name</key>
			<string>en</string>
			<key>path</key>
			<string>en.lproj/InfoPlist.strings</string>
			<key>sourceTree</key>
			<string>&lt;group&gt;</string>
		</dict>
		<key>50D9DF4815E8F8A0008B6D90</key>
		<dict>
			<key>fileRef</key>
			<string>50D9DF4615E8F8A0008B6D90</string>
			<key>isa</key>
			<string>PBXBuildFile</string>
		</dict>
		<key>50D9DF4915E8F8A0008B6D90</key>
		<dict>
			<key>isa</key>
			<string>PBXFileReference</string>
			<key>lastKnownFileType</key>
			<string>sourcecode.c.objc</string>
			<key>path</key>
			<string>main.m</string>
			<key>sourceTree</key>
			<string>&lt;group&gt;</string>
		</dict>
		<key>50D9DF4A15E8F8A0008B6D90</key>
		<dict>
			<key>fileRef</key>
			<string>50D9DF4915E8F8A0008B6D90</string>
			<key>isa</key>
			<string>PBXBuildFile</string>
		</dict>
		<key>50D9DF4B15E8F8A0008B6D90</key>
		<dict>
			<key>isa</key>
			<string>PBXFileReference</string>
			<key>lastKnownFileType</key>
			<string>sourcecode.c.h</string>
			<key>path</key>
			<string>AmazonGlacier-Prefix.pch</string>
			<key>sourceTree</key>
			<string>&lt;group&gt;</string>
		</dict>
		<key>50D9DF4C15E8F8A0008B6D90</key>
		<dict>
			<key>children</key>
			<array>
				<string>50D9DF4D15E8F8A0008B6D90</string>
			</array>
			<key>isa</key>
			<string>PBXVariantGroup</string>
			<key>name</key>
			<string>Credits.rtf</string>
			<key>sourceTree</key>
			<string>&lt;group&gt;</string>
		</dict>
		<key>50D9DF4D15E8F8A0008B6D90</key>
		<dict>
			<key>isa</key>
			<string>PBXFileReference</string>
			<key>lastKnownFileType</key>
			<string>text.rtf</string>
			<key>name</key>
			<string>en</string>
			<key>path</key>
			<string>en.lproj/Credits.rtf</string>
			<key>sourceTree</key>
			<string>&lt;group&gt;</string>
		</dict>
		<key>50D9DF4E15E8F8A0008B6D90</key>
		<dict>
			<key>fileRef</key>
			<string>50D9DF4C15E8F8A0008B6D90</string>
			<key>isa</key>
			<string>PBXBuildFile</string>
		</dict>
		<key>50D9DF4F15E8F8A0008B6D90</key>
		<dict>
			<key>isa</key>
			<string>PBXFileReference</string>
			<key>lastKnownFileType</key>
			<string>sourcecode.c.h</string>
			<key>path</key>
			<string>AGAppDelegate.h</string>
			<key>sourceTree</key>
			<string>&lt;group&gt;</string>
		</dict>
		<key>50D9DF5015E8F8A0008B6D90</key>
		<dict>
			<key>isa</key>
			<string>PBXFileReference</string>
			<key>lastKnownFileType</key>
			<string>sourcecode.c.objc</string>
			<key>path</key>
			<string>AGAppDelegate.m</string>
			<key>sourceTree</key>
			<string>&lt;group&gt;</string>
		</dict>
		<key>50D9DF5115E8F8A0008B6D90</key>
		<dict>
			<key>fileRef</key>
			<string>50D9DF5015E8F8A0008B6D90</string>
			<key>isa</key>
			<string>PBXBuildFile</string>
		</dict>
		<key>50D9DF5215E8F8A1008B6D90</key>
		<dict>
			<key>children</key>
			<array>
				<string>50D9DF5315E8F8A1008B6D90</string>
			</array>
			<key>isa</key>
			<string>PBXVariantGroup</string>
			<key>name</key>
			<string>MainMenu.xib</string>
			<key>sourceTree</key>
			<string>&lt;group&gt;</string>
		</dict>
		<key>50D9DF5315E8F8A1008B6D90</key>
		<dict>
			<key>isa</key>
			<string>PBXFileReference</string>
			<key>lastKnownFileType</key>
			<string>file.xib</string>
			<key>name</key>
			<string>en</string>
			<key>path</key>
			<string>en.lproj/MainMenu.xib</string>
			<key>sourceTree</key>
			<string>&lt;group&gt;</string>
		</dict>
		<key>50D9DF5415E8F8A1008B6D90</key>
		<dict>
			<key>fileRef</key>
			<string>50D9DF5215E8F8A1008B6D90</string>
			<key>isa</key>
			<string>PBXBuildFile</string>
		</dict>
		<key>50D9DF5515E8F8A1008B6D90</key>
		<dict>
			<key>buildSettings</key>
			<dict>
				<key>ALWAYS_SEARCH_USER_PATHS</key>
				<string>NO</string>
				<key>ARCHS</key>
				<string>$(ARCHS_STANDARD_64_BIT)</string>
				<key>CLANG_CXX_LANGUAGE_STANDARD</key>
				<string>gnu++0x</string>
				<key>CLANG_ENABLE_OBJC_ARC</key>
				<string>YES</string>
				<key>CLANG_WARN__DUPLICATE_METHOD_MATCH</key>
				<string>YES</string>
				<key>COPY_PHASE_STRIP</key>
				<string>NO</string>
				<key>GCC_C_LANGUAGE_STANDARD</key>
				<string>gnu99</string>
				<key>GCC_DYNAMIC_NO_PIC</key>
				<string>NO</string>
				<key>GCC_ENABLE_OBJC_EXCEPTIONS</key>
				<string>YES</string>
				<key>GCC_OPTIMIZATION_LEVEL</key>
				<string>0</string>
				<key>GCC_PREPROCESSOR_DEFINITIONS</key>
				<array>
					<string>DEBUG=1</string>
					<string>$(inherited)</string>
				</array>
				<key>GCC_SYMBOLS_PRIVATE_EXTERN</key>
				<string>NO</string>
				<key>GCC_WARN_64_TO_32_BIT_CONVERSION</key>
				<string>YES</string>
				<key>GCC_WARN_ABOUT_RETURN_TYPE</key>
				<string>YES</string>
				<key>GCC_WARN_UNINITIALIZED_AUTOS</key>
				<string>YES</string>
				<key>GCC_WARN_UNUSED_VARIABLE</key>
				<string>YES</string>
				<key>MACOSX_DEPLOYMENT_TARGET</key>
				<string>10.8</string>
				<key>ONLY_ACTIVE_ARCH</key>
				<string>YES</string>
				<key>SDKROOT</key>
				<string>macosx</string>
			</dict>
			<key>isa</key>
			<string>XCBuildConfiguration</string>
			<key>name</key>
			<string>Debug</string>
		</dict>
		<key>50D9DF5615E8F8A1008B6D90</key>
		<dict>
			<key>buildSettings</key>
			<dict>
				<key>ALWAYS_SEARCH_USER_PATHS</key>
				<string>NO</string>
				<key>ARCHS</key>
				<string>$(ARCHS_STANDARD_64_BIT)</string>
				<key>CLANG_CXX_LANGUAGE_STANDARD</key>
				<string>gnu++0x</string>
				<key>CLANG_ENABLE_OBJC_ARC</key>
				<string>YES</string>
				<key>CLANG_WARN__DUPLICATE_METHOD_MATCH</key>
				<string>YES</string>
				<key>COPY_PHASE_STRIP</key>
				<string>YES</string>
				<key>DEBUG_INFORMATION_FORMAT</key>
				<string>dwarf-with-dsym</string>
				<key>GCC_C_LANGUAGE_STANDARD</key>
				<string>gnu99</string>
				<key>GCC_ENABLE_OBJC_EXCEPTIONS</key>
				<string>YES</string>
				<key>GCC_WARN_64_TO_32_BIT_CONVERSION</key>
				<string>YES</string>
				<key>GCC_WARN_ABOUT_RETURN_TYPE</key>
				<string>YES</string>
				<key>GCC_WARN_UNINITIALIZED_AUTOS</key>
				<string>YES</string>
				<key>GCC_WARN_UNUSED_VARIABLE</key>
				<string>YES</string>
				<key>MACOSX_DEPLOYMENT_TARGET</key>
				<string>10.8</string>
				<key>SDKROOT</key>
				<string>macosx</string>
			</dict>
			<key>isa</key>
			<string>XCBuildConfiguration</string>
			<key>name</key>
			<string>Release</string>
		</dict>
		<key>50D9DF5715E8F8A1008B6D90</key>
		<dict>
			<key>buildConfigurations</key>
			<array>
				<string>50D9DF5815E8F8A1008B6D90</string>
				<string>50D9DF5915E8F8A1008B6D90</string>
			</array>
			<key>defaultConfigurationIsVisible</key>
			<string>0</string>
			<key>isa</key>
			<string>XCConfigurationList</string>
		</dict>
		<key>50D9DF5815E8F8A1008B6D90</key>
		<dict>
			<key>baseConfigurationReference</key>
			<string>41B5BAD970FC4EC5A1030F04</string>
			<key>buildSettings</key>
			<dict>
				<key>COMBINE_HIDPI_IMAGES</key>
				<string>YES</string>
				<key>GCC_PRECOMPILE_PREFIX_HEADER</key>
				<string>YES</string>
				<key>GCC_PREFIX_HEADER</key>
				<string>AmazonGlacier/AmazonGlacier-Prefix.pch</string>
				<key>INFOPLIST_FILE</key>
				<string>AmazonGlacier/AmazonGlacier-Info.plist</string>
				<key>PRODUCT_NAME</key>
				<string>$(TARGET_NAME)</string>
				<key>WRAPPER_EXTENSION</key>
				<string>app</string>
			</dict>
			<key>isa</key>
			<string>XCBuildConfiguration</string>
			<key>name</key>
			<string>Debug</string>
		</dict>
		<key>50D9DF5915E8F8A1008B6D90</key>
		<dict>
			<key>baseConfigurationReference</key>
			<string>41B5BAD970FC4EC5A1030F04</string>
			<key>buildSettings</key>
			<dict>
				<key>COMBINE_HIDPI_IMAGES</key>
				<string>YES</string>
				<key>GCC_PRECOMPILE_PREFIX_HEADER</key>
				<string>YES</string>
				<key>GCC_PREFIX_HEADER</key>
				<string>AmazonGlacier/AmazonGlacier-Prefix.pch</string>
				<key>INFOPLIST_FILE</key>
				<string>AmazonGlacier/AmazonGlacier-Info.plist</string>
				<key>PRODUCT_NAME</key>
				<string>$(TARGET_NAME)</string>
				<key>WRAPPER_EXTENSION</key>
				<string>app</string>
			</dict>
			<key>isa</key>
			<string>XCBuildConfiguration</string>
			<key>name</key>
			<string>Release</string>
		</dict>
		<key>9EDFA385AEC14BF5AFC2B934</key>
		<dict>
			<key>fileRef</key>
			<string>E591293B34984E38AC4BC145</string>
			<key>isa</key>
			<string>PBXBuildFile</string>
		</dict>
		<key>E1CA21421220489A91F25BA9</key>
		<dict>
			<key>buildActionMask</key>
			<string>2147483647</string>
			<key>files</key>
			<array/>
			<key>inputPaths</key>
			<array/>
			<key>isa</key>
			<string>PBXShellScriptBuildPhase</string>
			<key>name</key>
			<string>Copy Pods Resources</string>
			<key>outputPaths</key>
			<array/>
			<key>runOnlyForDeploymentPostprocessing</key>
			<string>0</string>
			<key>shellPath</key>
			<string>/bin/sh</string>
			<key>shellScript</key>
			<string>"${SRCROOT}/Pods/Pods-resources.sh"
</string>
		</dict>
		<key>E591293B34984E38AC4BC145</key>
		<dict>
			<key>explicitFileType</key>
			<string>archive.ar</string>
			<key>includeInIndex</key>
			<string>0</string>
			<key>isa</key>
			<string>PBXFileReference</string>
			<key>name</key>
			<string>libPods.a</string>
			<key>path</key>
			<string>libPods.a</string>
			<key>sourceTree</key>
			<string>BUILT_PRODUCTS_DIR</string>
		</dict>
	</dict>
	<key>rootObject</key>
	<string>50D9DF3015E8F8A0008B6D90</string>
</dict>
</plist>
